
Microsoft Visual Studio Solution File, Format Version 12.00
# Visual Studio Version 17
VisualStudioVersion = 17.2.32516.85
MinimumVisualStudioVersion = 10.0.40219.1
Project("{2150E333-8FDC-42A3-9474-1A3956D46DE8}") = "src", "src", "{8854B81C-A9C5-4CFC-991D-903216738D39}"
EndProject
Project("{9A19103F-16F7-4668-BE54-9A1E7A4F7556}") = "Sourcey.Aggregates", "src\Sourcey.Aggregates\Sourcey.Aggregates.csproj", "{53CA26A2-5173-4E94-B1D8-E702B21CFAF0}"
EndProject
Project("{2150E333-8FDC-42A3-9474-1A3956D46DE8}") = "core", "core", "{454FA71E-4D19-4F1F-A7A8-CC70250800FB}"
EndProject
Project("{9A19103F-16F7-4668-BE54-9A1E7A4F7556}") = "Sourcey.Core", "src\Sourcey.Core\Sourcey.Core.csproj", "{17A34A29-0265-4A79-9EBF-B572DCD16299}"
EndProject
Project("{9A19103F-16F7-4668-BE54-9A1E7A4F7556}") = "Sourcey.EntityFrameworkCore", "src\Sourcey.EntityFrameworkCore\Sourcey.EntityFrameworkCore.csproj", "{30D72CF5-9D39-493E-880D-67D8A910C3C7}"
EndProject
Project("{2150E333-8FDC-42A3-9474-1A3956D46DE8}") = "entityframeworkcore", "entityframeworkcore", "{0BCE368C-79BA-481F-9E55-876BB4987576}"
EndProject
Project("{9A19103F-16F7-4668-BE54-9A1E7A4F7556}") = "Sourcey.EntityFrameworkCore.Aggregates", "src\Sourcey.EntityFrameworkCore.Aggregates\Sourcey.EntityFrameworkCore.Aggregates.csproj", "{DB4B1D71-2258-4875-9A22-34914AA14ACD}"
EndProject
Project("{9A19103F-16F7-4668-BE54-9A1E7A4F7556}") = "Sourcey.EntityFrameworkCore.Events", "src\Sourcey.EntityFrameworkCore.Events\Sourcey.EntityFrameworkCore.Events.csproj", "{D02640A5-322A-4FEA-A146-A3DE057809E6}"
EndProject
Project("{9A19103F-16F7-4668-BE54-9A1E7A4F7556}") = "Sourcey.EntityFrameworkCore.Projections", "src\Sourcey.EntityFrameworkCore.Projections\Sourcey.EntityFrameworkCore.Projections.csproj", "{AFCE3038-0F1F-458A-BF6E-035513FA7EDA}"
EndProject
Project("{9A19103F-16F7-4668-BE54-9A1E7A4F7556}") = "Sourcey.Events", "src\Sourcey.Events\Sourcey.Events.csproj", "{57CE76AE-FE04-47FE-A4EC-ACAB6B3448C9}"
EndProject
Project("{9A19103F-16F7-4668-BE54-9A1E7A4F7556}") = "Sourcey.Projections", "src\Sourcey.Projections\Sourcey.Projections.csproj", "{74AB1540-B5F8-423B-BD07-8340045F3850}"
EndProject
Project("{2150E333-8FDC-42A3-9474-1A3956D46DE8}") = "serialization", "serialization", "{79C5D7CD-5C76-4E99-836F-B30AA31D2FB0}"
EndProject
Project("{9A19103F-16F7-4668-BE54-9A1E7A4F7556}") = "Sourcey.Serialization.Json", "src\Sourcey.Serialization.Json\Sourcey.Serialization.Json.csproj", "{FFA19A6A-2061-4F65-9A4C-9282BA9E4D4A}"
EndProject
Project("{2150E333-8FDC-42A3-9474-1A3956D46DE8}") = "tests", "tests", "{B90D8DB0-BEAA-473F-AA75-9CBA71EC1ABC}"
EndProject
Project("{2150E333-8FDC-42A3-9474-1A3956D46DE8}") = "Solution Items", "Solution Items", "{6983E6CA-2A82-4868-BC38-E7C40A64F97D}"
	ProjectSection(SolutionItems) = preProject
		.editorconfig = .editorconfig
		.gitignore = .gitignore
		.github\workflows\build.yml = .github\workflows\build.yml
		.github\workflows\release.yml = .github\workflows\release.yml
	EndProjectSection
EndProject
Project("{FAE04EC0-301F-11D3-BF4B-00C04F79EFBC}") = "Sourcey.Testing", "tests\Sourcey.Testing\Sourcey.Testing.csproj", "{03C3A5EC-B951-4C5B-961A-39CB17BC2372}"
EndProject
Project("{FAE04EC0-301F-11D3-BF4B-00C04F79EFBC}") = "Sourcey.Testing.Integration", "tests\Sourcey.Testing.Integration\Sourcey.Testing.Integration.csproj", "{E562D581-08AA-4BDD-8DBC-2C36B880F8BA}"
EndProject
Project("{2150E333-8FDC-42A3-9474-1A3956D46DE8}") = "entityframeworkcore", "entityframeworkcore", "{60901F98-07ED-4DB6-8B3E-DEC25112C094}"
EndProject
Project("{FAE04EC0-301F-11D3-BF4B-00C04F79EFBC}") = "Sourcey.EntityFrameworkCore.Projections.Tests", "tests\Sourcey.EntityFrameworkCore.Projections.Tests\Sourcey.EntityFrameworkCore.Projections.Tests.csproj", "{9D1412EE-1F26-4600-AA81-B478983E52AD}"
EndProject
Global
	GlobalSection(SolutionConfigurationPlatforms) = preSolution
		Debug|Any CPU = Debug|Any CPU
		Release|Any CPU = Release|Any CPU
	EndGlobalSection
	GlobalSection(ProjectConfigurationPlatforms) = postSolution
		{53CA26A2-5173-4E94-B1D8-E702B21CFAF0}.Debug|Any CPU.ActiveCfg = Debug|Any CPU
		{53CA26A2-5173-4E94-B1D8-E702B21CFAF0}.Debug|Any CPU.Build.0 = Debug|Any CPU
		{53CA26A2-5173-4E94-B1D8-E702B21CFAF0}.Release|Any CPU.ActiveCfg = Release|Any CPU
		{53CA26A2-5173-4E94-B1D8-E702B21CFAF0}.Release|Any CPU.Build.0 = Release|Any CPU
		{17A34A29-0265-4A79-9EBF-B572DCD16299}.Debug|Any CPU.ActiveCfg = Debug|Any CPU
		{17A34A29-0265-4A79-9EBF-B572DCD16299}.Debug|Any CPU.Build.0 = Debug|Any CPU
		{17A34A29-0265-4A79-9EBF-B572DCD16299}.Release|Any CPU.ActiveCfg = Release|Any CPU
		{17A34A29-0265-4A79-9EBF-B572DCD16299}.Release|Any CPU.Build.0 = Release|Any CPU
		{30D72CF5-9D39-493E-880D-67D8A910C3C7}.Debug|Any CPU.ActiveCfg = Debug|Any CPU
		{30D72CF5-9D39-493E-880D-67D8A910C3C7}.Debug|Any CPU.Build.0 = Debug|Any CPU
		{30D72CF5-9D39-493E-880D-67D8A910C3C7}.Release|Any CPU.ActiveCfg = Release|Any CPU
		{30D72CF5-9D39-493E-880D-67D8A910C3C7}.Release|Any CPU.Build.0 = Release|Any CPU
		{DB4B1D71-2258-4875-9A22-34914AA14ACD}.Debug|Any CPU.ActiveCfg = Debug|Any CPU
		{DB4B1D71-2258-4875-9A22-34914AA14ACD}.Debug|Any CPU.Build.0 = Debug|Any CPU
		{DB4B1D71-2258-4875-9A22-34914AA14ACD}.Release|Any CPU.ActiveCfg = Release|Any CPU
		{DB4B1D71-2258-4875-9A22-34914AA14ACD}.Release|Any CPU.Build.0 = Release|Any CPU
		{D02640A5-322A-4FEA-A146-A3DE057809E6}.Debug|Any CPU.ActiveCfg = Debug|Any CPU
		{D02640A5-322A-4FEA-A146-A3DE057809E6}.Debug|Any CPU.Build.0 = Debug|Any CPU
		{D02640A5-322A-4FEA-A146-A3DE057809E6}.Release|Any CPU.ActiveCfg = Release|Any CPU
		{D02640A5-322A-4FEA-A146-A3DE057809E6}.Release|Any CPU.Build.0 = Release|Any CPU
		{AFCE3038-0F1F-458A-BF6E-035513FA7EDA}.Debug|Any CPU.ActiveCfg = Debug|Any CPU
		{AFCE3038-0F1F-458A-BF6E-035513FA7EDA}.Debug|Any CPU.Build.0 = Debug|Any CPU
		{AFCE3038-0F1F-458A-BF6E-035513FA7EDA}.Release|Any CPU.ActiveCfg = Release|Any CPU
		{AFCE3038-0F1F-458A-BF6E-035513FA7EDA}.Release|Any CPU.Build.0 = Release|Any CPU
		{57CE76AE-FE04-47FE-A4EC-ACAB6B3448C9}.Debug|Any CPU.ActiveCfg = Debug|Any CPU
		{57CE76AE-FE04-47FE-A4EC-ACAB6B3448C9}.Debug|Any CPU.Build.0 = Debug|Any CPU
		{57CE76AE-FE04-47FE-A4EC-ACAB6B3448C9}.Release|Any CPU.ActiveCfg = Release|Any CPU
		{57CE76AE-FE04-47FE-A4EC-ACAB6B3448C9}.Release|Any CPU.Build.0 = Release|Any CPU
		{74AB1540-B5F8-423B-BD07-8340045F3850}.Debug|Any CPU.ActiveCfg = Debug|Any CPU
		{74AB1540-B5F8-423B-BD07-8340045F3850}.Debug|Any CPU.Build.0 = Debug|Any CPU
		{74AB1540-B5F8-423B-BD07-8340045F3850}.Release|Any CPU.ActiveCfg = Release|Any CPU
		{74AB1540-B5F8-423B-BD07-8340045F3850}.Release|Any CPU.Build.0 = Release|Any CPU
		{FFA19A6A-2061-4F65-9A4C-9282BA9E4D4A}.Debug|Any CPU.ActiveCfg = Debug|Any CPU
		{FFA19A6A-2061-4F65-9A4C-9282BA9E4D4A}.Debug|Any CPU.Build.0 = Debug|Any CPU
		{FFA19A6A-2061-4F65-9A4C-9282BA9E4D4A}.Release|Any CPU.ActiveCfg = Release|Any CPU
		{FFA19A6A-2061-4F65-9A4C-9282BA9E4D4A}.Release|Any CPU.Build.0 = Release|Any CPU
		{03C3A5EC-B951-4C5B-961A-39CB17BC2372}.Debug|Any CPU.ActiveCfg = Debug|Any CPU
		{03C3A5EC-B951-4C5B-961A-39CB17BC2372}.Debug|Any CPU.Build.0 = Debug|Any CPU
		{03C3A5EC-B951-4C5B-961A-39CB17BC2372}.Release|Any CPU.ActiveCfg = Release|Any CPU
		{03C3A5EC-B951-4C5B-961A-39CB17BC2372}.Release|Any CPU.Build.0 = Release|Any CPU
		{E562D581-08AA-4BDD-8DBC-2C36B880F8BA}.Debug|Any CPU.ActiveCfg = Debug|Any CPU
		{E562D581-08AA-4BDD-8DBC-2C36B880F8BA}.Debug|Any CPU.Build.0 = Debug|Any CPU
		{E562D581-08AA-4BDD-8DBC-2C36B880F8BA}.Release|Any CPU.ActiveCfg = Release|Any CPU
		{E562D581-08AA-4BDD-8DBC-2C36B880F8BA}.Release|Any CPU.Build.0 = Release|Any CPU
		{9D1412EE-1F26-4600-AA81-B478983E52AD}.Debug|Any CPU.ActiveCfg = Debug|Any CPU
		{9D1412EE-1F26-4600-AA81-B478983E52AD}.Debug|Any CPU.Build.0 = Debug|Any CPU
		{9D1412EE-1F26-4600-AA81-B478983E52AD}.Release|Any CPU.ActiveCfg = Release|Any CPU
		{9D1412EE-1F26-4600-AA81-B478983E52AD}.Release|Any CPU.Build.0 = Release|Any CPU
	EndGlobalSection
	GlobalSection(SolutionProperties) = preSolution
		HideSolutionNode = FALSE
	EndGlobalSection
	GlobalSection(NestedProjects) = preSolution
		{53CA26A2-5173-4E94-B1D8-E702B21CFAF0} = {454FA71E-4D19-4F1F-A7A8-CC70250800FB}
		{454FA71E-4D19-4F1F-A7A8-CC70250800FB} = {8854B81C-A9C5-4CFC-991D-903216738D39}
		{17A34A29-0265-4A79-9EBF-B572DCD16299} = {454FA71E-4D19-4F1F-A7A8-CC70250800FB}
		{30D72CF5-9D39-493E-880D-67D8A910C3C7} = {0BCE368C-79BA-481F-9E55-876BB4987576}
		{0BCE368C-79BA-481F-9E55-876BB4987576} = {8854B81C-A9C5-4CFC-991D-903216738D39}
		{DB4B1D71-2258-4875-9A22-34914AA14ACD} = {0BCE368C-79BA-481F-9E55-876BB4987576}
		{D02640A5-322A-4FEA-A146-A3DE057809E6} = {0BCE368C-79BA-481F-9E55-876BB4987576}
		{AFCE3038-0F1F-458A-BF6E-035513FA7EDA} = {0BCE368C-79BA-481F-9E55-876BB4987576}
		{57CE76AE-FE04-47FE-A4EC-ACAB6B3448C9} = {454FA71E-4D19-4F1F-A7A8-CC70250800FB}
		{74AB1540-B5F8-423B-BD07-8340045F3850} = {454FA71E-4D19-4F1F-A7A8-CC70250800FB}
		{79C5D7CD-5C76-4E99-836F-B30AA31D2FB0} = {8854B81C-A9C5-4CFC-991D-903216738D39}
		{FFA19A6A-2061-4F65-9A4C-9282BA9E4D4A} = {79C5D7CD-5C76-4E99-836F-B30AA31D2FB0}
		{03C3A5EC-B951-4C5B-961A-39CB17BC2372} = {B90D8DB0-BEAA-473F-AA75-9CBA71EC1ABC}
		{E562D581-08AA-4BDD-8DBC-2C36B880F8BA} = {B90D8DB0-BEAA-473F-AA75-9CBA71EC1ABC}
		{60901F98-07ED-4DB6-8B3E-DEC25112C094} = {B90D8DB0-BEAA-473F-AA75-9CBA71EC1ABC}
		{9D1412EE-1F26-4600-AA81-B478983E52AD} = {60901F98-07ED-4DB6-8B3E-DEC25112C094}
	EndGlobalSection
	GlobalSection(ExtensibilityGlobals) = postSolution
		SolutionGuid = {6CD256CE-A8F8-4D99-A2CB-9515CAA6F31D}
	EndGlobalSection
EndGlobal
