
Microsoft Visual Studio Solution File, Format Version 12.00
# Visual Studio Version 17
VisualStudioVersion = 17.2.32516.85
MinimumVisualStudioVersion = 10.0.40219.1
Project("{2150E333-8FDC-42A3-9474-1A3956D46DE8}") = "src", "src", "{8854B81C-A9C5-4CFC-991D-903216738D39}"
EndProject
Project("{9A19103F-16F7-4668-BE54-9A1E7A4F7556}") = "Zion.Aggregates", "src\Zion.Aggregates\Zion.Aggregates.csproj", "{53CA26A2-5173-4E94-B1D8-E702B21CFAF0}"
EndProject
Project("{9A19103F-16F7-4668-BE54-9A1E7A4F7556}") = "Zion.Azure.ServiceBus", "src\Zion.Azure.ServiceBus\Zion.Azure.ServiceBus.csproj", "{3C8DBB2B-228C-47C4-BCDD-7C4F7AAA55A3}"
EndProject
Project("{9A19103F-16F7-4668-BE54-9A1E7A4F7556}") = "Zion.Commands", "src\Zion.Commands\Zion.Commands.csproj", "{2C319BE4-A03A-4360-B507-5B83AEFF656C}"
EndProject
Project("{2150E333-8FDC-42A3-9474-1A3956D46DE8}") = "core", "core", "{454FA71E-4D19-4F1F-A7A8-CC70250800FB}"
EndProject
Project("{9A19103F-16F7-4668-BE54-9A1E7A4F7556}") = "Zion.Core", "src\Zion.Core\Zion.Core.csproj", "{17A34A29-0265-4A79-9EBF-B572DCD16299}"
EndProject
Project("{9A19103F-16F7-4668-BE54-9A1E7A4F7556}") = "Zion.Encryption", "src\Zion.Encryption\Zion.Encryption.csproj", "{57FA417D-2017-4EF6-83C7-05DA425780E6}"
EndProject
Project("{9A19103F-16F7-4668-BE54-9A1E7A4F7556}") = "Zion.Encryption.Aes", "src\Zion.Encryption.Aes\Zion.Encryption.Aes.csproj", "{5BE1201D-C4EB-4FD2-B67C-248DBE28521F}"
EndProject
Project("{9A19103F-16F7-4668-BE54-9A1E7A4F7556}") = "Zion.EntityFrameworkCore", "src\Zion.EntityFrameworkCore\Zion.EntityFrameworkCore.csproj", "{30D72CF5-9D39-493E-880D-67D8A910C3C7}"
EndProject
Project("{2150E333-8FDC-42A3-9474-1A3956D46DE8}") = "entityframeworkcore", "entityframeworkcore", "{0BCE368C-79BA-481F-9E55-876BB4987576}"
EndProject
Project("{2150E333-8FDC-42A3-9474-1A3956D46DE8}") = "azure", "azure", "{BF257CE2-14E6-4206-8515-2F10F742BD67}"
EndProject
Project("{9A19103F-16F7-4668-BE54-9A1E7A4F7556}") = "Zion.EntityFrameworkCore.Aggregates", "src\Zion.EntityFrameworkCore.Aggregates\Zion.EntityFrameworkCore.Aggregates.csproj", "{DB4B1D71-2258-4875-9A22-34914AA14ACD}"
EndProject
Project("{9A19103F-16F7-4668-BE54-9A1E7A4F7556}") = "Zion.EntityFrameworkCore.Commands", "src\Zion.EntityFrameworkCore.Commands\Zion.EntityFrameworkCore.Commands.csproj", "{1A538B16-77DC-4FA8-B8CE-C93F9E1E6179}"
EndProject
Project("{9A19103F-16F7-4668-BE54-9A1E7A4F7556}") = "Zion.EntityFrameworkCore.Encryption", "src\Zion.EntityFrameworkCore.Encryption\Zion.EntityFrameworkCore.Encryption.csproj", "{1048A823-5B51-4C2E-B5E0-3F399D671F4C}"
EndProject
Project("{9A19103F-16F7-4668-BE54-9A1E7A4F7556}") = "Zion.EntityFrameworkCore.Events", "src\Zion.EntityFrameworkCore.Events\Zion.EntityFrameworkCore.Events.csproj", "{D02640A5-322A-4FEA-A146-A3DE057809E6}"
EndProject
Project("{9A19103F-16F7-4668-BE54-9A1E7A4F7556}") = "Zion.EntityFrameworkCore.Projections", "src\Zion.EntityFrameworkCore.Projections\Zion.EntityFrameworkCore.Projections.csproj", "{AFCE3038-0F1F-458A-BF6E-035513FA7EDA}"
EndProject
Project("{9A19103F-16F7-4668-BE54-9A1E7A4F7556}") = "Zion.EntityFrameworkCore.Queries", "src\Zion.EntityFrameworkCore.Queries\Zion.EntityFrameworkCore.Queries.csproj", "{3050A7E7-B8D0-4D5A-93C7-E1E9DBD558D3}"
EndProject
Project("{9A19103F-16F7-4668-BE54-9A1E7A4F7556}") = "Zion.Events", "src\Zion.Events\Zion.Events.csproj", "{57CE76AE-FE04-47FE-A4EC-ACAB6B3448C9}"
EndProject
Project("{9A19103F-16F7-4668-BE54-9A1E7A4F7556}") = "Zion.Projections", "src\Zion.Projections\Zion.Projections.csproj", "{74AB1540-B5F8-423B-BD07-8340045F3850}"
EndProject
Project("{9A19103F-16F7-4668-BE54-9A1E7A4F7556}") = "Zion.Queries", "src\Zion.Queries\Zion.Queries.csproj", "{FDC5D085-4BDE-44BA-9208-FE4C176892A3}"
EndProject
Project("{2150E333-8FDC-42A3-9474-1A3956D46DE8}") = "rabbitmq", "rabbitmq", "{FEB10ACD-01AB-4E94-B939-86235EAA36AA}"
EndProject
Project("{9A19103F-16F7-4668-BE54-9A1E7A4F7556}") = "Zion.RabbitMQ", "src\Zion.RabbitMQ\Zion.RabbitMQ.csproj", "{FE6CE730-5268-497D-956A-E020C365F9BB}"
EndProject
Project("{2150E333-8FDC-42A3-9474-1A3956D46DE8}") = "serialization", "serialization", "{79C5D7CD-5C76-4E99-836F-B30AA31D2FB0}"
EndProject
Project("{9A19103F-16F7-4668-BE54-9A1E7A4F7556}") = "Zion.Serialization.Json", "src\Zion.Serialization.Json\Zion.Serialization.Json.csproj", "{FFA19A6A-2061-4F65-9A4C-9282BA9E4D4A}"
EndProject
Project("{2150E333-8FDC-42A3-9474-1A3956D46DE8}") = "testing", "testing", "{181A7FB9-9529-4AE4-90DA-B13FBA87721C}"
EndProject
Project("{9A19103F-16F7-4668-BE54-9A1E7A4F7556}") = "Zion.Testing", "src\Zion.Testing\Zion.Testing.csproj", "{9CB810EB-464E-4E25-B0FC-95E613683110}"
EndProject
Project("{9A19103F-16F7-4668-BE54-9A1E7A4F7556}") = "Zion.Testing.Integration", "src\Zion.Testing.Integration\Zion.Testing.Integration.csproj", "{6091A88C-B1C3-4C40-9938-30BA6B61FC7E}"
EndProject
Project("{2150E333-8FDC-42A3-9474-1A3956D46DE8}") = "tests", "tests", "{B90D8DB0-BEAA-473F-AA75-9CBA71EC1ABC}"
EndProject
Project("{2150E333-8FDC-42A3-9474-1A3956D46DE8}") = "Solution Items", "Solution Items", "{6983E6CA-2A82-4868-BC38-E7C40A64F97D}"
	ProjectSection(SolutionItems) = preProject
		.editorconfig = .editorconfig
		.gitignore = .gitignore
		.github\workflows\build.yml = .github\workflows\build.yml
		.github\workflows\release.yml = .github\workflows\release.yml
	EndProjectSection
EndProject
Project("{2150E333-8FDC-42A3-9474-1A3956D46DE8}") = "redis", "redis", "{9D5A0495-A08B-4E7D-8368-7925AD37E73D}"
EndProject
Project("{9A19103F-16F7-4668-BE54-9A1E7A4F7556}") = "Zion.Redis.Aggregates", "src\Zion.Redis.Aggregates\Zion.Redis.Aggregates.csproj", "{01F3DD12-56B3-4530-A7E0-4CB562DED9AD}"
EndProject
Project("{9A19103F-16F7-4668-BE54-9A1E7A4F7556}") = "Zion.Redis", "src\Zion.Redis\Zion.Redis.csproj", "{88D24440-F3C6-43FB-B116-BBA5E5092B3E}"
EndProject
Project("{2150E333-8FDC-42A3-9474-1A3956D46DE8}") = "redis", "redis", "{4A6A31FE-B610-4C07-BFF0-C6C23C96887E}"
EndProject
Project("{9A19103F-16F7-4668-BE54-9A1E7A4F7556}") = "Zion.Redis.Aggregates.Tests", "tests\Zion.Redis.Aggregates.Tests\Zion.Redis.Aggregates.Tests.csproj", "{C9B58443-43D5-4F72-958D-EEE323205887}"
EndProject
Project("{9A19103F-16F7-4668-BE54-9A1E7A4F7556}") = "Zion.Azure.Encryption", "src\Zion.Azure.Encryption\Zion.Azure.Encryption.csproj", "{D750BEA8-2ACF-4B02-8E03-F2273982F22C}"
EndProject
Global
	GlobalSection(SolutionConfigurationPlatforms) = preSolution
		Debug|Any CPU = Debug|Any CPU
		Release|Any CPU = Release|Any CPU
	EndGlobalSection
	GlobalSection(ProjectConfigurationPlatforms) = postSolution
		{53CA26A2-5173-4E94-B1D8-E702B21CFAF0}.Debug|Any CPU.ActiveCfg = Debug|Any CPU
		{53CA26A2-5173-4E94-B1D8-E702B21CFAF0}.Debug|Any CPU.Build.0 = Debug|Any CPU
		{53CA26A2-5173-4E94-B1D8-E702B21CFAF0}.Release|Any CPU.ActiveCfg = Release|Any CPU
		{53CA26A2-5173-4E94-B1D8-E702B21CFAF0}.Release|Any CPU.Build.0 = Release|Any CPU
		{3C8DBB2B-228C-47C4-BCDD-7C4F7AAA55A3}.Debug|Any CPU.ActiveCfg = Debug|Any CPU
		{3C8DBB2B-228C-47C4-BCDD-7C4F7AAA55A3}.Debug|Any CPU.Build.0 = Debug|Any CPU
		{3C8DBB2B-228C-47C4-BCDD-7C4F7AAA55A3}.Release|Any CPU.ActiveCfg = Release|Any CPU
		{3C8DBB2B-228C-47C4-BCDD-7C4F7AAA55A3}.Release|Any CPU.Build.0 = Release|Any CPU
		{2C319BE4-A03A-4360-B507-5B83AEFF656C}.Debug|Any CPU.ActiveCfg = Debug|Any CPU
		{2C319BE4-A03A-4360-B507-5B83AEFF656C}.Debug|Any CPU.Build.0 = Debug|Any CPU
		{2C319BE4-A03A-4360-B507-5B83AEFF656C}.Release|Any CPU.ActiveCfg = Release|Any CPU
		{2C319BE4-A03A-4360-B507-5B83AEFF656C}.Release|Any CPU.Build.0 = Release|Any CPU
		{17A34A29-0265-4A79-9EBF-B572DCD16299}.Debug|Any CPU.ActiveCfg = Debug|Any CPU
		{17A34A29-0265-4A79-9EBF-B572DCD16299}.Debug|Any CPU.Build.0 = Debug|Any CPU
		{17A34A29-0265-4A79-9EBF-B572DCD16299}.Release|Any CPU.ActiveCfg = Release|Any CPU
		{17A34A29-0265-4A79-9EBF-B572DCD16299}.Release|Any CPU.Build.0 = Release|Any CPU
		{57FA417D-2017-4EF6-83C7-05DA425780E6}.Debug|Any CPU.ActiveCfg = Debug|Any CPU
		{57FA417D-2017-4EF6-83C7-05DA425780E6}.Debug|Any CPU.Build.0 = Debug|Any CPU
		{57FA417D-2017-4EF6-83C7-05DA425780E6}.Release|Any CPU.ActiveCfg = Release|Any CPU
		{57FA417D-2017-4EF6-83C7-05DA425780E6}.Release|Any CPU.Build.0 = Release|Any CPU
		{5BE1201D-C4EB-4FD2-B67C-248DBE28521F}.Debug|Any CPU.ActiveCfg = Debug|Any CPU
		{5BE1201D-C4EB-4FD2-B67C-248DBE28521F}.Debug|Any CPU.Build.0 = Debug|Any CPU
		{5BE1201D-C4EB-4FD2-B67C-248DBE28521F}.Release|Any CPU.ActiveCfg = Release|Any CPU
		{5BE1201D-C4EB-4FD2-B67C-248DBE28521F}.Release|Any CPU.Build.0 = Release|Any CPU
		{30D72CF5-9D39-493E-880D-67D8A910C3C7}.Debug|Any CPU.ActiveCfg = Debug|Any CPU
		{30D72CF5-9D39-493E-880D-67D8A910C3C7}.Debug|Any CPU.Build.0 = Debug|Any CPU
		{30D72CF5-9D39-493E-880D-67D8A910C3C7}.Release|Any CPU.ActiveCfg = Release|Any CPU
		{30D72CF5-9D39-493E-880D-67D8A910C3C7}.Release|Any CPU.Build.0 = Release|Any CPU
		{DB4B1D71-2258-4875-9A22-34914AA14ACD}.Debug|Any CPU.ActiveCfg = Debug|Any CPU
		{DB4B1D71-2258-4875-9A22-34914AA14ACD}.Debug|Any CPU.Build.0 = Debug|Any CPU
		{DB4B1D71-2258-4875-9A22-34914AA14ACD}.Release|Any CPU.ActiveCfg = Release|Any CPU
		{DB4B1D71-2258-4875-9A22-34914AA14ACD}.Release|Any CPU.Build.0 = Release|Any CPU
		{1A538B16-77DC-4FA8-B8CE-C93F9E1E6179}.Debug|Any CPU.ActiveCfg = Debug|Any CPU
		{1A538B16-77DC-4FA8-B8CE-C93F9E1E6179}.Debug|Any CPU.Build.0 = Debug|Any CPU
		{1A538B16-77DC-4FA8-B8CE-C93F9E1E6179}.Release|Any CPU.ActiveCfg = Release|Any CPU
		{1A538B16-77DC-4FA8-B8CE-C93F9E1E6179}.Release|Any CPU.Build.0 = Release|Any CPU
		{1048A823-5B51-4C2E-B5E0-3F399D671F4C}.Debug|Any CPU.ActiveCfg = Debug|Any CPU
		{1048A823-5B51-4C2E-B5E0-3F399D671F4C}.Debug|Any CPU.Build.0 = Debug|Any CPU
		{1048A823-5B51-4C2E-B5E0-3F399D671F4C}.Release|Any CPU.ActiveCfg = Release|Any CPU
		{1048A823-5B51-4C2E-B5E0-3F399D671F4C}.Release|Any CPU.Build.0 = Release|Any CPU
		{D02640A5-322A-4FEA-A146-A3DE057809E6}.Debug|Any CPU.ActiveCfg = Debug|Any CPU
		{D02640A5-322A-4FEA-A146-A3DE057809E6}.Debug|Any CPU.Build.0 = Debug|Any CPU
		{D02640A5-322A-4FEA-A146-A3DE057809E6}.Release|Any CPU.ActiveCfg = Release|Any CPU
		{D02640A5-322A-4FEA-A146-A3DE057809E6}.Release|Any CPU.Build.0 = Release|Any CPU
		{AFCE3038-0F1F-458A-BF6E-035513FA7EDA}.Debug|Any CPU.ActiveCfg = Debug|Any CPU
		{AFCE3038-0F1F-458A-BF6E-035513FA7EDA}.Debug|Any CPU.Build.0 = Debug|Any CPU
		{AFCE3038-0F1F-458A-BF6E-035513FA7EDA}.Release|Any CPU.ActiveCfg = Release|Any CPU
		{AFCE3038-0F1F-458A-BF6E-035513FA7EDA}.Release|Any CPU.Build.0 = Release|Any CPU
		{3050A7E7-B8D0-4D5A-93C7-E1E9DBD558D3}.Debug|Any CPU.ActiveCfg = Debug|Any CPU
		{3050A7E7-B8D0-4D5A-93C7-E1E9DBD558D3}.Debug|Any CPU.Build.0 = Debug|Any CPU
		{3050A7E7-B8D0-4D5A-93C7-E1E9DBD558D3}.Release|Any CPU.ActiveCfg = Release|Any CPU
		{3050A7E7-B8D0-4D5A-93C7-E1E9DBD558D3}.Release|Any CPU.Build.0 = Release|Any CPU
		{57CE76AE-FE04-47FE-A4EC-ACAB6B3448C9}.Debug|Any CPU.ActiveCfg = Debug|Any CPU
		{57CE76AE-FE04-47FE-A4EC-ACAB6B3448C9}.Debug|Any CPU.Build.0 = Debug|Any CPU
		{57CE76AE-FE04-47FE-A4EC-ACAB6B3448C9}.Release|Any CPU.ActiveCfg = Release|Any CPU
		{57CE76AE-FE04-47FE-A4EC-ACAB6B3448C9}.Release|Any CPU.Build.0 = Release|Any CPU
		{74AB1540-B5F8-423B-BD07-8340045F3850}.Debug|Any CPU.ActiveCfg = Debug|Any CPU
		{74AB1540-B5F8-423B-BD07-8340045F3850}.Debug|Any CPU.Build.0 = Debug|Any CPU
		{74AB1540-B5F8-423B-BD07-8340045F3850}.Release|Any CPU.ActiveCfg = Release|Any CPU
		{74AB1540-B5F8-423B-BD07-8340045F3850}.Release|Any CPU.Build.0 = Release|Any CPU
		{FDC5D085-4BDE-44BA-9208-FE4C176892A3}.Debug|Any CPU.ActiveCfg = Debug|Any CPU
		{FDC5D085-4BDE-44BA-9208-FE4C176892A3}.Debug|Any CPU.Build.0 = Debug|Any CPU
		{FDC5D085-4BDE-44BA-9208-FE4C176892A3}.Release|Any CPU.ActiveCfg = Release|Any CPU
		{FDC5D085-4BDE-44BA-9208-FE4C176892A3}.Release|Any CPU.Build.0 = Release|Any CPU
		{FE6CE730-5268-497D-956A-E020C365F9BB}.Debug|Any CPU.ActiveCfg = Debug|Any CPU
		{FE6CE730-5268-497D-956A-E020C365F9BB}.Debug|Any CPU.Build.0 = Debug|Any CPU
		{FE6CE730-5268-497D-956A-E020C365F9BB}.Release|Any CPU.ActiveCfg = Release|Any CPU
		{FE6CE730-5268-497D-956A-E020C365F9BB}.Release|Any CPU.Build.0 = Release|Any CPU
		{FFA19A6A-2061-4F65-9A4C-9282BA9E4D4A}.Debug|Any CPU.ActiveCfg = Debug|Any CPU
		{FFA19A6A-2061-4F65-9A4C-9282BA9E4D4A}.Debug|Any CPU.Build.0 = Debug|Any CPU
		{FFA19A6A-2061-4F65-9A4C-9282BA9E4D4A}.Release|Any CPU.ActiveCfg = Release|Any CPU
		{FFA19A6A-2061-4F65-9A4C-9282BA9E4D4A}.Release|Any CPU.Build.0 = Release|Any CPU
		{9CB810EB-464E-4E25-B0FC-95E613683110}.Debug|Any CPU.ActiveCfg = Debug|Any CPU
		{9CB810EB-464E-4E25-B0FC-95E613683110}.Debug|Any CPU.Build.0 = Debug|Any CPU
		{9CB810EB-464E-4E25-B0FC-95E613683110}.Release|Any CPU.ActiveCfg = Release|Any CPU
		{9CB810EB-464E-4E25-B0FC-95E613683110}.Release|Any CPU.Build.0 = Release|Any CPU
		{6091A88C-B1C3-4C40-9938-30BA6B61FC7E}.Debug|Any CPU.ActiveCfg = Debug|Any CPU
		{6091A88C-B1C3-4C40-9938-30BA6B61FC7E}.Debug|Any CPU.Build.0 = Debug|Any CPU
		{6091A88C-B1C3-4C40-9938-30BA6B61FC7E}.Release|Any CPU.ActiveCfg = Release|Any CPU
		{6091A88C-B1C3-4C40-9938-30BA6B61FC7E}.Release|Any CPU.Build.0 = Release|Any CPU
		{01F3DD12-56B3-4530-A7E0-4CB562DED9AD}.Debug|Any CPU.ActiveCfg = Debug|Any CPU
		{01F3DD12-56B3-4530-A7E0-4CB562DED9AD}.Debug|Any CPU.Build.0 = Debug|Any CPU
		{01F3DD12-56B3-4530-A7E0-4CB562DED9AD}.Release|Any CPU.ActiveCfg = Release|Any CPU
		{01F3DD12-56B3-4530-A7E0-4CB562DED9AD}.Release|Any CPU.Build.0 = Release|Any CPU
		{88D24440-F3C6-43FB-B116-BBA5E5092B3E}.Debug|Any CPU.ActiveCfg = Debug|Any CPU
		{88D24440-F3C6-43FB-B116-BBA5E5092B3E}.Debug|Any CPU.Build.0 = Debug|Any CPU
		{88D24440-F3C6-43FB-B116-BBA5E5092B3E}.Release|Any CPU.ActiveCfg = Release|Any CPU
		{88D24440-F3C6-43FB-B116-BBA5E5092B3E}.Release|Any CPU.Build.0 = Release|Any CPU
		{C9B58443-43D5-4F72-958D-EEE323205887}.Debug|Any CPU.ActiveCfg = Debug|Any CPU
		{C9B58443-43D5-4F72-958D-EEE323205887}.Debug|Any CPU.Build.0 = Debug|Any CPU
		{C9B58443-43D5-4F72-958D-EEE323205887}.Release|Any CPU.ActiveCfg = Release|Any CPU
		{C9B58443-43D5-4F72-958D-EEE323205887}.Release|Any CPU.Build.0 = Release|Any CPU
		{D750BEA8-2ACF-4B02-8E03-F2273982F22C}.Debug|Any CPU.ActiveCfg = Debug|Any CPU
		{D750BEA8-2ACF-4B02-8E03-F2273982F22C}.Debug|Any CPU.Build.0 = Debug|Any CPU
		{D750BEA8-2ACF-4B02-8E03-F2273982F22C}.Release|Any CPU.ActiveCfg = Release|Any CPU
		{D750BEA8-2ACF-4B02-8E03-F2273982F22C}.Release|Any CPU.Build.0 = Release|Any CPU
	EndGlobalSection
	GlobalSection(SolutionProperties) = preSolution
		HideSolutionNode = FALSE
	EndGlobalSection
	GlobalSection(NestedProjects) = preSolution
		{53CA26A2-5173-4E94-B1D8-E702B21CFAF0} = {454FA71E-4D19-4F1F-A7A8-CC70250800FB}
		{3C8DBB2B-228C-47C4-BCDD-7C4F7AAA55A3} = {BF257CE2-14E6-4206-8515-2F10F742BD67}
		{2C319BE4-A03A-4360-B507-5B83AEFF656C} = {454FA71E-4D19-4F1F-A7A8-CC70250800FB}
		{454FA71E-4D19-4F1F-A7A8-CC70250800FB} = {8854B81C-A9C5-4CFC-991D-903216738D39}
		{17A34A29-0265-4A79-9EBF-B572DCD16299} = {454FA71E-4D19-4F1F-A7A8-CC70250800FB}
		{57FA417D-2017-4EF6-83C7-05DA425780E6} = {454FA71E-4D19-4F1F-A7A8-CC70250800FB}
		{5BE1201D-C4EB-4FD2-B67C-248DBE28521F} = {454FA71E-4D19-4F1F-A7A8-CC70250800FB}
		{30D72CF5-9D39-493E-880D-67D8A910C3C7} = {0BCE368C-79BA-481F-9E55-876BB4987576}
		{0BCE368C-79BA-481F-9E55-876BB4987576} = {8854B81C-A9C5-4CFC-991D-903216738D39}
		{BF257CE2-14E6-4206-8515-2F10F742BD67} = {8854B81C-A9C5-4CFC-991D-903216738D39}
		{DB4B1D71-2258-4875-9A22-34914AA14ACD} = {0BCE368C-79BA-481F-9E55-876BB4987576}
		{1A538B16-77DC-4FA8-B8CE-C93F9E1E6179} = {0BCE368C-79BA-481F-9E55-876BB4987576}
		{1048A823-5B51-4C2E-B5E0-3F399D671F4C} = {0BCE368C-79BA-481F-9E55-876BB4987576}
		{D02640A5-322A-4FEA-A146-A3DE057809E6} = {0BCE368C-79BA-481F-9E55-876BB4987576}
		{AFCE3038-0F1F-458A-BF6E-035513FA7EDA} = {0BCE368C-79BA-481F-9E55-876BB4987576}
		{3050A7E7-B8D0-4D5A-93C7-E1E9DBD558D3} = {0BCE368C-79BA-481F-9E55-876BB4987576}
		{57CE76AE-FE04-47FE-A4EC-ACAB6B3448C9} = {454FA71E-4D19-4F1F-A7A8-CC70250800FB}
		{74AB1540-B5F8-423B-BD07-8340045F3850} = {454FA71E-4D19-4F1F-A7A8-CC70250800FB}
		{FDC5D085-4BDE-44BA-9208-FE4C176892A3} = {454FA71E-4D19-4F1F-A7A8-CC70250800FB}
		{FEB10ACD-01AB-4E94-B939-86235EAA36AA} = {8854B81C-A9C5-4CFC-991D-903216738D39}
		{FE6CE730-5268-497D-956A-E020C365F9BB} = {FEB10ACD-01AB-4E94-B939-86235EAA36AA}
		{79C5D7CD-5C76-4E99-836F-B30AA31D2FB0} = {8854B81C-A9C5-4CFC-991D-903216738D39}
		{FFA19A6A-2061-4F65-9A4C-9282BA9E4D4A} = {79C5D7CD-5C76-4E99-836F-B30AA31D2FB0}
		{181A7FB9-9529-4AE4-90DA-B13FBA87721C} = {8854B81C-A9C5-4CFC-991D-903216738D39}
		{9CB810EB-464E-4E25-B0FC-95E613683110} = {181A7FB9-9529-4AE4-90DA-B13FBA87721C}
		{6091A88C-B1C3-4C40-9938-30BA6B61FC7E} = {181A7FB9-9529-4AE4-90DA-B13FBA87721C}
		{9D5A0495-A08B-4E7D-8368-7925AD37E73D} = {8854B81C-A9C5-4CFC-991D-903216738D39}
		{01F3DD12-56B3-4530-A7E0-4CB562DED9AD} = {9D5A0495-A08B-4E7D-8368-7925AD37E73D}
		{88D24440-F3C6-43FB-B116-BBA5E5092B3E} = {9D5A0495-A08B-4E7D-8368-7925AD37E73D}
		{4A6A31FE-B610-4C07-BFF0-C6C23C96887E} = {B90D8DB0-BEAA-473F-AA75-9CBA71EC1ABC}
		{C9B58443-43D5-4F72-958D-EEE323205887} = {4A6A31FE-B610-4C07-BFF0-C6C23C96887E}
		{D750BEA8-2ACF-4B02-8E03-F2273982F22C} = {BF257CE2-14E6-4206-8515-2F10F742BD67}
	EndGlobalSection
	GlobalSection(ExtensibilityGlobals) = postSolution
		SolutionGuid = {6CD256CE-A8F8-4D99-A2CB-9515CAA6F31D}
	EndGlobalSection
EndGlobal
